
Microsoft Visual Studio Solution File, Format Version 12.00
# Visual Studio Version 16
VisualStudioVersion = 16.0.29215.179
MinimumVisualStudioVersion = 10.0.40219.1
Project("{FAE04EC0-301F-11D3-BF4B-00C04F79EFBC}") = "ChallengeCalculator", "ChallengeCalculator\ChallengeCalculator.csproj", "{A7D6EC2D-4677-4700-8D2B-01B0883F902F}"
EndProject
Project("{FAE04EC0-301F-11D3-BF4B-00C04F79EFBC}") = "ChallengeCalculatorTests", "ChallengeCalculatorTests\ChallengeCalculatorTests.csproj", "{F482CAEF-6536-424C-9CA3-22ECFC5784FB}"
EndProject
Global
	GlobalSection(SolutionConfigurationPlatforms) = preSolution
		Debug|Any CPU = Debug|Any CPU
		Release|Any CPU = Release|Any CPU
	EndGlobalSection
	GlobalSection(ProjectConfigurationPlatforms) = postSolution
		{A7D6EC2D-4677-4700-8D2B-01B0883F902F}.Debug|Any CPU.ActiveCfg = Debug|Any CPU
		{A7D6EC2D-4677-4700-8D2B-01B0883F902F}.Debug|Any CPU.Build.0 = Debug|Any CPU
		{A7D6EC2D-4677-4700-8D2B-01B0883F902F}.Release|Any CPU.ActiveCfg = Release|Any CPU
		{A7D6EC2D-4677-4700-8D2B-01B0883F902F}.Release|Any CPU.Build.0 = Release|Any CPU
		{F482CAEF-6536-424C-9CA3-22ECFC5784FB}.Debug|Any CPU.ActiveCfg = Debug|Any CPU
		{F482CAEF-6536-424C-9CA3-22ECFC5784FB}.Debug|Any CPU.Build.0 = Debug|Any CPU
		{F482CAEF-6536-424C-9CA3-22ECFC5784FB}.Release|Any CPU.ActiveCfg = Release|Any CPU
		{F482CAEF-6536-424C-9CA3-22ECFC5784FB}.Release|Any CPU.Build.0 = Release|Any CPU
	EndGlobalSection
	GlobalSection(SolutionProperties) = preSolution
		HideSolutionNode = FALSE
	EndGlobalSection
	GlobalSection(ExtensibilityGlobals) = postSolution
		SolutionGuid = {054678F2-DF67-4122-8FFC-131FA1F129A8}
	EndGlobalSection
EndGlobal
